// !$*UTF8*$!
{
	archiveVersion = 1;
	classes = {
	};
	objectVersion = 50;
	objects = {

/* Begin PBXBuildFile section */
		ABE0531E2411904500F91434 /* AppDelegate.swift in Sources */ = {isa = PBXBuildFile; fileRef = ABE0531D2411904500F91434 /* AppDelegate.swift */; };
		ABE053202411904500F91434 /* SceneDelegate.swift in Sources */ = {isa = PBXBuildFile; fileRef = ABE0531F2411904500F91434 /* SceneDelegate.swift */; };
		ABE053222411904500F91434 /* PhotoLibraryViewController.swift in Sources */ = {isa = PBXBuildFile; fileRef = ABE053212411904500F91434 /* PhotoLibraryViewController.swift */; };
		ABE053252411904500F91434 /* Main.storyboard in Resources */ = {isa = PBXBuildFile; fileRef = ABE053232411904500F91434 /* Main.storyboard */; };
		ABE053272411904600F91434 /* Assets.xcassets in Resources */ = {isa = PBXBuildFile; fileRef = ABE053262411904600F91434 /* Assets.xcassets */; };
		ABE0532A2411904700F91434 /* LaunchScreen.storyboard in Resources */ = {isa = PBXBuildFile; fileRef = ABE053282411904700F91434 /* LaunchScreen.storyboard */; };
		ABE053322411ADE100F91434 /* AddImageViewController.swift in Sources */ = {isa = PBXBuildFile; fileRef = ABE053312411ADE100F91434 /* AddImageViewController.swift */; };
		ABE053362411B13700F91434 /* PLTableViewCell.swift in Sources */ = {isa = PBXBuildFile; fileRef = ABE053352411B13700F91434 /* PLTableViewCell.swift */; };
		ABE053382411BFEC00F91434 /* ImageInfo.swift in Sources */ = {isa = PBXBuildFile; fileRef = ABE053372411BFEC00F91434 /* ImageInfo.swift */; };
		ABE0533A2412771800F91434 /* UIViewController+Helpers.swift in Sources */ = {isa = PBXBuildFile; fileRef = ABE053392412771800F91434 /* UIViewController+Helpers.swift */; };
/* End PBXBuildFile section */

/* Begin PBXFileReference section */
		ABE0531A2411904500F91434 /* homework_16.app */ = {isa = PBXFileReference; explicitFileType = wrapper.application; includeInIndex = 0; path = homework_16.app; sourceTree = BUILT_PRODUCTS_DIR; };
		ABE0531D2411904500F91434 /* AppDelegate.swift */ = {isa = PBXFileReference; lastKnownFileType = sourcecode.swift; path = AppDelegate.swift; sourceTree = "<group>"; };
		ABE0531F2411904500F91434 /* SceneDelegate.swift */ = {isa = PBXFileReference; lastKnownFileType = sourcecode.swift; path = SceneDelegate.swift; sourceTree = "<group>"; };
		ABE053212411904500F91434 /* PhotoLibraryViewController.swift */ = {isa = PBXFileReference; lastKnownFileType = sourcecode.swift; path = PhotoLibraryViewController.swift; sourceTree = "<group>"; };
		ABE053242411904500F91434 /* Base */ = {isa = PBXFileReference; lastKnownFileType = file.storyboard; name = Base; path = Base.lproj/Main.storyboard; sourceTree = "<group>"; };
		ABE053262411904600F91434 /* Assets.xcassets */ = {isa = PBXFileReference; lastKnownFileType = folder.assetcatalog; path = Assets.xcassets; sourceTree = "<group>"; };
		ABE053292411904700F91434 /* Base */ = {isa = PBXFileReference; lastKnownFileType = file.storyboard; name = Base; path = Base.lproj/LaunchScreen.storyboard; sourceTree = "<group>"; };
		ABE0532B2411904700F91434 /* Info.plist */ = {isa = PBXFileReference; lastKnownFileType = text.plist.xml; path = Info.plist; sourceTree = "<group>"; };
		ABE053312411ADE100F91434 /* AddImageViewController.swift */ = {isa = PBXFileReference; lastKnownFileType = sourcecode.swift; path = AddImageViewController.swift; sourceTree = "<group>"; };
		ABE053352411B13700F91434 /* PLTableViewCell.swift */ = {isa = PBXFileReference; lastKnownFileType = sourcecode.swift; path = PLTableViewCell.swift; sourceTree = "<group>"; };
		ABE053372411BFEC00F91434 /* ImageInfo.swift */ = {isa = PBXFileReference; lastKnownFileType = sourcecode.swift; path = ImageInfo.swift; sourceTree = "<group>"; };
		ABE053392412771800F91434 /* UIViewController+Helpers.swift */ = {isa = PBXFileReference; lastKnownFileType = sourcecode.swift; path = "UIViewController+Helpers.swift"; sourceTree = "<group>"; };
/* End PBXFileReference section */

/* Begin PBXFrameworksBuildPhase section */
		ABE053172411904500F91434 /* Frameworks */ = {
			isa = PBXFrameworksBuildPhase;
			buildActionMask = 2147483647;
			files = (
			);
			runOnlyForDeploymentPostprocessing = 0;
		};
/* End PBXFrameworksBuildPhase section */

/* Begin PBXGroup section */
		ABE053112411904500F91434 = {
			isa = PBXGroup;
			children = (
				ABE0531C2411904500F91434 /* homework_16 */,
				ABE0531B2411904500F91434 /* Products */,
			);
			sourceTree = "<group>";
		};
		ABE0531B2411904500F91434 /* Products */ = {
			isa = PBXGroup;
			children = (
				ABE0531A2411904500F91434 /* homework_16.app */,
			);
			name = Products;
			sourceTree = "<group>";
		};
		ABE0531C2411904500F91434 /* homework_16 */ = {
			isa = PBXGroup;
			children = (
				ABE0531D2411904500F91434 /* AppDelegate.swift */,
				ABE0531F2411904500F91434 /* SceneDelegate.swift */,
				ABE053392412771800F91434 /* UIViewController+Helpers.swift */,
				ABE053372411BFEC00F91434 /* ImageInfo.swift */,
				ABE053352411B13700F91434 /* PLTableViewCell.swift */,
				ABE053212411904500F91434 /* PhotoLibraryViewController.swift */,
				ABE053312411ADE100F91434 /* AddImageViewController.swift */,
				ABE053232411904500F91434 /* Main.storyboard */,
				ABE053262411904600F91434 /* Assets.xcassets */,
				ABE053282411904700F91434 /* LaunchScreen.storyboard */,
				ABE0532B2411904700F91434 /* Info.plist */,
			);
			path = homework_16;
			sourceTree = "<group>";
		};
/* End PBXGroup section */

/* Begin PBXNativeTarget section */
		ABE053192411904500F91434 /* homework_16 */ = {
			isa = PBXNativeTarget;
			buildConfigurationList = ABE0532E2411904700F91434 /* Build configuration list for PBXNativeTarget "homework_16" */;
			buildPhases = (
				ABE053162411904500F91434 /* Sources */,
				ABE053172411904500F91434 /* Frameworks */,
				ABE053182411904500F91434 /* Resources */,
			);
			buildRules = (
			);
			dependencies = (
			);
			name = homework_16;
			productName = homework_16;
			productReference = ABE0531A2411904500F91434 /* homework_16.app */;
			productType = "com.apple.product-type.application";
		};
/* End PBXNativeTarget section */

/* Begin PBXProject section */
		ABE053122411904500F91434 /* Project object */ = {
			isa = PBXProject;
			attributes = {
				LastSwiftUpdateCheck = 1130;
				LastUpgradeCheck = 1130;
				ORGANIZATIONNAME = "Alexandra Lesnichaya";
				TargetAttributes = {
					ABE053192411904500F91434 = {
						CreatedOnToolsVersion = 11.3.1;
					};
				};
			};
			buildConfigurationList = ABE053152411904500F91434 /* Build configuration list for PBXProject "homework_16" */;
			compatibilityVersion = "Xcode 9.3";
			developmentRegion = en;
			hasScannedForEncodings = 0;
			knownRegions = (
				en,
				Base,
			);
			mainGroup = ABE053112411904500F91434;
			productRefGroup = ABE0531B2411904500F91434 /* Products */;
			projectDirPath = "";
			projectRoot = "";
			targets = (
				ABE053192411904500F91434 /* homework_16 */,
			);
		};
/* End PBXProject section */

/* Begin PBXResourcesBuildPhase section */
		ABE053182411904500F91434 /* Resources */ = {
			isa = PBXResourcesBuildPhase;
			buildActionMask = 2147483647;
			files = (
				ABE0532A2411904700F91434 /* LaunchScreen.storyboard in Resources */,
				ABE053272411904600F91434 /* Assets.xcassets in Resources */,
				ABE053252411904500F91434 /* Main.storyboard in Resources */,
			);
			runOnlyForDeploymentPostprocessing = 0;
		};
/* End PBXResourcesBuildPhase section */

/* Begin PBXSourcesBuildPhase section */
		ABE053162411904500F91434 /* Sources */ = {
			isa = PBXSourcesBuildPhase;
			buildActionMask = 2147483647;
			files = (
				ABE053222411904500F91434 /* PhotoLibraryViewController.swift in Sources */,
				ABE053362411B13700F91434 /* PLTableViewCell.swift in Sources */,
				ABE0531E2411904500F91434 /* AppDelegate.swift in Sources */,
				ABE053382411BFEC00F91434 /* ImageInfo.swift in Sources */,
				ABE053322411ADE100F91434 /* AddImageViewController.swift in Sources */,
				ABE053202411904500F91434 /* SceneDelegate.swift in Sources */,
				ABE0533A2412771800F91434 /* UIViewController+Helpers.swift in Sources */,
			);
			runOnlyForDeploymentPostprocessing = 0;
		};
/* End PBXSourcesBuildPhase section */

/* Begin PBXVariantGroup section */
		ABE053232411904500F91434 /* Main.storyboard */ = {
			isa = PBXVariantGroup;
			children = (
				ABE053242411904500F91434 /* Base */,
			);
			name = Main.storyboard;
			sourceTree = "<group>";
		};
		ABE053282411904700F91434 /* LaunchScreen.storyboard */ = {
			isa = PBXVariantGroup;
			children = (
				ABE053292411904700F91434 /* Base */,
			);
			name = LaunchScreen.storyboard;
			sourceTree = "<group>";
		};
/* End PBXVariantGroup section */

/* Begin XCBuildConfiguration section */
		ABE0532C2411904700F91434 /* Debug */ = {
			isa = XCBuildConfiguration;
			buildSettings = {
				ALWAYS_SEARCH_USER_PATHS = NO;
				CLANG_ANALYZER_NONNULL = YES;
				CLANG_ANALYZER_NUMBER_OBJECT_CONVERSION = YES_AGGRESSIVE;
				CLANG_CXX_LANGUAGE_STANDARD = "gnu++14";
				CLANG_CXX_LIBRARY = "libc++";
				CLANG_ENABLE_MODULES = YES;
				CLANG_ENABLE_OBJC_ARC = YES;
				CLANG_ENABLE_OBJC_WEAK = YES;
				CLANG_WARN_BLOCK_CAPTURE_AUTORELEASING = YES;
				CLANG_WARN_BOOL_CONVERSION = YES;
				CLANG_WARN_COMMA = YES;
				CLANG_WARN_CONSTANT_CONVERSION = YES;
				CLANG_WARN_DEPRECATED_OBJC_IMPLEMENTATIONS = YES;
				CLANG_WARN_DIRECT_OBJC_ISA_USAGE = YES_ERROR;
				CLANG_WARN_DOCUMENTATION_COMMENTS = YES;
				CLANG_WARN_EMPTY_BODY = YES;
				CLANG_WARN_ENUM_CONVERSION = YES;
				CLANG_WARN_INFINITE_RECURSION = YES;
				CLANG_WARN_INT_CONVERSION = YES;
				CLANG_WARN_NON_LITERAL_NULL_CONVERSION = YES;
				CLANG_WARN_OBJC_IMPLICIT_RETAIN_SELF = YES;
				CLANG_WARN_OBJC_LITERAL_CONVERSION = YES;
				CLANG_WARN_OBJC_ROOT_CLASS = YES_ERROR;
				CLANG_WARN_RANGE_LOOP_ANALYSIS = YES;
				CLANG_WARN_STRICT_PROTOTYPES = YES;
				CLANG_WARN_SUSPICIOUS_MOVE = YES;
				CLANG_WARN_UNGUARDED_AVAILABILITY = YES_AGGRESSIVE;
				CLANG_WARN_UNREACHABLE_CODE = YES;
				CLANG_WARN__DUPLICATE_METHOD_MATCH = YES;
				COPY_PHASE_STRIP = NO;
				DEBUG_INFORMATION_FORMAT = dwarf;
				ENABLE_STRICT_OBJC_MSGSEND = YES;
				ENABLE_TESTABILITY = YES;
				GCC_C_LANGUAGE_STANDARD = gnu11;
				GCC_DYNAMIC_NO_PIC = NO;
				GCC_NO_COMMON_BLOCKS = YES;
				GCC_OPTIMIZATION_LEVEL = 0;
				GCC_PREPROCESSOR_DEFINITIONS = (
					"DEBUG=1",
					"$(inherited)",
				);
				GCC_WARN_64_TO_32_BIT_CONVERSION = YES;
				GCC_WARN_ABOUT_RETURN_TYPE = YES_ERROR;
				GCC_WARN_UNDECLARED_SELECTOR = YES;
				GCC_WARN_UNINITIALIZED_AUTOS = YES_AGGRESSIVE;
				GCC_WARN_UNUSED_FUNCTION = YES;
				GCC_WARN_UNUSED_VARIABLE = YES;
				IPHONEOS_DEPLOYMENT_TARGET = 13.2;
				MTL_ENABLE_DEBUG_INFO = INCLUDE_SOURCE;
				MTL_FAST_MATH = YES;
				ONLY_ACTIVE_ARCH = YES;
				SDKROOT = iphoneos;
				SWIFT_ACTIVE_COMPILATION_CONDITIONS = DEBUG;
				SWIFT_OPTIMIZATION_LEVEL = "-Onone";
			};
			name = Debug;
		};
		ABE0532D2411904700F91434 /* Release */ = {
			isa = XCBuildConfiguration;
			buildSettings = {
				ALWAYS_SEARCH_USER_PATHS = NO;
				CLANG_ANALYZER_NONNULL = YES;
				CLANG_ANALYZER_NUMBER_OBJECT_CONVERSION = YES_AGGRESSIVE;
				CLANG_CXX_LANGUAGE_STANDARD = "gnu++14";
				CLANG_CXX_LIBRARY = "libc++";
				CLANG_ENABLE_MODULES = YES;
				CLANG_ENABLE_OBJC_ARC = YES;
				CLANG_ENABLE_OBJC_WEAK = YES;
				CLANG_WARN_BLOCK_CAPTURE_AUTORELEASING = YES;
				CLANG_WARN_BOOL_CONVERSION = YES;
				CLANG_WARN_COMMA = YES;
				CLANG_WARN_CONSTANT_CONVERSION = YES;
				CLANG_WARN_DEPRECATED_OBJC_IMPLEMENTATIONS = YES;
				CLANG_WARN_DIRECT_OBJC_ISA_USAGE = YES_ERROR;
				CLANG_WARN_DOCUMENTATION_COMMENTS = YES;
				CLANG_WARN_EMPTY_BODY = YES;
				CLANG_WARN_ENUM_CONVERSION = YES;
				CLANG_WARN_INFINITE_RECURSION = YES;
				CLANG_WARN_INT_CONVERSION = YES;
				CLANG_WARN_NON_LITERAL_NULL_CONVERSION = YES;
				CLANG_WARN_OBJC_IMPLICIT_RETAIN_SELF = YES;
				CLANG_WARN_OBJC_LITERAL_CONVERSION = YES;
				CLANG_WARN_OBJC_ROOT_CLASS = YES_ERROR;
				CLANG_WARN_RANGE_LOOP_ANALYSIS = YES;
				CLANG_WARN_STRICT_PROTOTYPES = YES;
				CLANG_WARN_SUSPICIOUS_MOVE = YES;
				CLANG_WARN_UNGUARDED_AVAILABILITY = YES_AGGRESSIVE;
				CLANG_WARN_UNREACHABLE_CODE = YES;
				CLANG_WARN__DUPLICATE_METHOD_MATCH = YES;
				COPY_PHASE_STRIP = NO;
				DEBUG_INFORMATION_FORMAT = "dwarf-with-dsym";
				ENABLE_NS_ASSERTIONS = NO;
				ENABLE_STRICT_OBJC_MSGSEND = YES;
				GCC_C_LANGUAGE_STANDARD = gnu11;
				GCC_NO_COMMON_BLOCKS = YES;
				GCC_WARN_64_TO_32_BIT_CONVERSION = YES;
				GCC_WARN_ABOUT_RETURN_TYPE = YES_ERROR;
				GCC_WARN_UNDECLARED_SELECTOR = YES;
				GCC_WARN_UNINITIALIZED_AUTOS = YES_AGGRESSIVE;
				GCC_WARN_UNUSED_FUNCTION = YES;
				GCC_WARN_UNUSED_VARIABLE = YES;
				IPHONEOS_DEPLOYMENT_TARGET = 13.2;
				MTL_ENABLE_DEBUG_INFO = NO;
				MTL_FAST_MATH = YES;
				SDKROOT = iphoneos;
				SWIFT_COMPILATION_MODE = wholemodule;
				SWIFT_OPTIMIZATION_LEVEL = "-O";
				VALIDATE_PRODUCT = YES;
			};
			name = Release;
		};
		ABE0532F2411904700F91434 /* Debug */ = {
			isa = XCBuildConfiguration;
			buildSettings = {
				ASSETCATALOG_COMPILER_APPICON_NAME = AppIcon;
				CODE_SIGN_STYLE = Automatic;
				INFOPLIST_FILE = homework_16/Info.plist;
				LD_RUNPATH_SEARCH_PATHS = (
					"$(inherited)",
					"@executable_path/Frameworks",
				);
				PRODUCT_BUNDLE_IDENTIFIER = "-------------------.homework-16";
				PRODUCT_NAME = "$(TARGET_NAME)";
				SWIFT_VERSION = 5.0;
				TARGETED_DEVICE_FAMILY = "1,2";
			};
			name = Debug;
		};
		ABE053302411904700F91434 /* Release */ = {
			isa = XCBuildConfiguration;
			buildSettings = {
				ASSETCATALOG_COMPILER_APPICON_NAME = AppIcon;
				CODE_SIGN_STYLE = Automatic;
				INFOPLIST_FILE = homework_16/Info.plist;
				LD_RUNPATH_SEARCH_PATHS = (
					"$(inherited)",
					"@executable_path/Frameworks",
				);
				PRODUCT_BUNDLE_IDENTIFIER = "-------------------.homework-16";
				PRODUCT_NAME = "$(TARGET_NAME)";
				SWIFT_VERSION = 5.0;
				TARGETED_DEVICE_FAMILY = "1,2";
			};
			name = Release;
		};
/* End XCBuildConfiguration section */

/* Begin XCConfigurationList section */
		ABE053152411904500F91434 /* Build configuration list for PBXProject "homework_16" */ = {
			isa = XCConfigurationList;
			buildConfigurations = (
				ABE0532C2411904700F91434 /* Debug */,
				ABE0532D2411904700F91434 /* Release */,
			);
			defaultConfigurationIsVisible = 0;
			defaultConfigurationName = Release;
		};
		ABE0532E2411904700F91434 /* Build configuration list for PBXNativeTarget "homework_16" */ = {
			isa = XCConfigurationList;
			buildConfigurations = (
				ABE0532F2411904700F91434 /* Debug */,
				ABE053302411904700F91434 /* Release */,
			);
			defaultConfigurationIsVisible = 0;
			defaultConfigurationName = Release;
		};
/* End XCConfigurationList section */
	};
	rootObject = ABE053122411904500F91434 /* Project object */;
}
